
Microsoft Visual Studio Solution File, Format Version 12.00
# Visual Studio Version 16
VisualStudioVersion = 16.0.29709.97
MinimumVisualStudioVersion = 10.0.40219.1
Project("{9A19103F-16F7-4668-BE54-9A1E7A4F7556}") = "ShopToday", "ShopToday\ShopToday.csproj", "{BA3BD70F-A578-4B8B-9AFF-7E6701A18EB0}"
EndProject
Project("{FAE04EC0-301F-11D3-BF4B-00C04F79EFBC}") = "ShopToday.DataProviders", "ShopToday.DataProviders\ShopToday.DataProviders.csproj", "{1CC8A771-7DA1-4D64-B067-467BB693248B}"
EndProject
Global
	GlobalSection(SolutionConfigurationPlatforms) = preSolution
		Debug|Any CPU = Debug|Any CPU
		Release|Any CPU = Release|Any CPU
	EndGlobalSection
	GlobalSection(ProjectConfigurationPlatforms) = postSolution
		{BA3BD70F-A578-4B8B-9AFF-7E6701A18EB0}.Debug|Any CPU.ActiveCfg = Debug|Any CPU
		{BA3BD70F-A578-4B8B-9AFF-7E6701A18EB0}.Debug|Any CPU.Build.0 = Debug|Any CPU
		{BA3BD70F-A578-4B8B-9AFF-7E6701A18EB0}.Release|Any CPU.ActiveCfg = Release|Any CPU
		{BA3BD70F-A578-4B8B-9AFF-7E6701A18EB0}.Release|Any CPU.Build.0 = Release|Any CPU
		{1CC8A771-7DA1-4D64-B067-467BB693248B}.Debug|Any CPU.ActiveCfg = Debug|Any CPU
		{1CC8A771-7DA1-4D64-B067-467BB693248B}.Debug|Any CPU.Build.0 = Debug|Any CPU
		{1CC8A771-7DA1-4D64-B067-467BB693248B}.Release|Any CPU.ActiveCfg = Release|Any CPU
		{1CC8A771-7DA1-4D64-B067-467BB693248B}.Release|Any CPU.Build.0 = Release|Any CPU
	EndGlobalSection
	GlobalSection(SolutionProperties) = preSolution
		HideSolutionNode = FALSE
	EndGlobalSection
	GlobalSection(ExtensibilityGlobals) = postSolution
		SolutionGuid = {E1D86A8B-C94C-44DE-990B-E76EEBA48BFE}
	EndGlobalSection
EndGlobal
